// !$*UTF8*$!
{
	archiveVersion = 1;
	classes = {
	};
	objectVersion = 45;
	objects = {

/* Begin PBXBuildFile section */
		1D3623260D0F684500981E51 /* PracticeTwitterAppDelegate.m in Sources */ = {isa = PBXBuildFile; fileRef = 1D3623250D0F684500981E51 /* PracticeTwitterAppDelegate.m */; };
		1D60589B0D05DD56006BFB54 /* main.m in Sources */ = {isa = PBXBuildFile; fileRef = 29B97316FDCFA39411CA2CEA /* main.m */; };
		1D60589F0D05DD5A006BFB54 /* Foundation.framework in Frameworks */ = {isa = PBXBuildFile; fileRef = 1D30AB110D05D00D00671497 /* Foundation.framework */; };
		1DF5F4E00D08C38300B7A737 /* UIKit.framework in Frameworks */ = {isa = PBXBuildFile; fileRef = 1DF5F4DF0D08C38300B7A737 /* UIKit.framework */; };
		288765A50DF7441C002DB57D /* CoreGraphics.framework in Frameworks */ = {isa = PBXBuildFile; fileRef = 288765A40DF7441C002DB57D /* CoreGraphics.framework */; };
		2899E5220DE3E06400AC0155 /* PracticeTwitterViewController.xib in Resources */ = {isa = PBXBuildFile; fileRef = 2899E5210DE3E06400AC0155 /* PracticeTwitterViewController.xib */; };
		28AD733F0D9D9553002E5188 /* MainWindow.xib in Resources */ = {isa = PBXBuildFile; fileRef = 28AD733E0D9D9553002E5188 /* MainWindow.xib */; };
		28D7ACF80DDB3853001CB0EB /* PracticeTwitterViewController.m in Sources */ = {isa = PBXBuildFile; fileRef = 28D7ACF70DDB3853001CB0EB /* PracticeTwitterViewController.m */; };
		2A207EDF132DD9DE0080E859 /* LogicDB.m in Sources */ = {isa = PBXBuildFile; fileRef = 2A207EDE132DD9DE0080E859 /* LogicDB.m */; };
		2A207EE1132DDA530080E859 /* libsqlite3.dylib in Frameworks */ = {isa = PBXBuildFile; fileRef = 2A207EE0132DDA530080E859 /* libsqlite3.dylib */; };
		2A208146132E0FEF0080E859 /* DBException.m in Sources */ = {isa = PBXBuildFile; fileRef = 2A208145132E0FEF0080E859 /* DBException.m */; };
		492B9476132F0398006DD7C5 /* FMDatabase.m in Sources */ = {isa = PBXBuildFile; fileRef = 492B9471132F0398006DD7C5 /* FMDatabase.m */; };
		492B9477132F0398006DD7C5 /* FMDatabaseAdditions.m in Sources */ = {isa = PBXBuildFile; fileRef = 492B9473132F0398006DD7C5 /* FMDatabaseAdditions.m */; };
		492B9478132F0398006DD7C5 /* FMResultSet.m in Sources */ = {isa = PBXBuildFile; fileRef = 492B9475132F0398006DD7C5 /* FMResultSet.m */; };
		492B947C132F03DD006DD7C5 /* SqliteDB.m in Sources */ = {isa = PBXBuildFile; fileRef = 492B947B132F03DD006DD7C5 /* SqliteDB.m */; };
		492B947F132F047B006DD7C5 /* AccountModel.m in Sources */ = {isa = PBXBuildFile; fileRef = 492B947E132F047B006DD7C5 /* AccountModel.m */; };
		492B9547132F268F006DD7C5 /* sqlite3.db in Resources */ = {isa = PBXBuildFile; fileRef = 492B9546132F268F006DD7C5 /* sqlite3.db */; };
/* End PBXBuildFile section */

/* Begin PBXFileReference section */
		1D30AB110D05D00D00671497 /* Foundation.framework */ = {isa = PBXFileReference; lastKnownFileType = wrapper.framework; name = Foundation.framework; path = System/Library/Frameworks/Foundation.framework; sourceTree = SDKROOT; };
		1D3623240D0F684500981E51 /* PracticeTwitterAppDelegate.h */ = {isa = PBXFileReference; fileEncoding = 4; lastKnownFileType = sourcecode.c.h; path = PracticeTwitterAppDelegate.h; sourceTree = "<group>"; };
		1D3623250D0F684500981E51 /* PracticeTwitterAppDelegate.m */ = {isa = PBXFileReference; fileEncoding = 4; lastKnownFileType = sourcecode.c.objc; path = PracticeTwitterAppDelegate.m; sourceTree = "<group>"; };
		1D6058910D05DD3D006BFB54 /* PracticeTwitter.app */ = {isa = PBXFileReference; explicitFileType = wrapper.application; includeInIndex = 0; path = PracticeTwitter.app; sourceTree = BUILT_PRODUCTS_DIR; };
		1DF5F4DF0D08C38300B7A737 /* UIKit.framework */ = {isa = PBXFileReference; lastKnownFileType = wrapper.framework; name = UIKit.framework; path = System/Library/Frameworks/UIKit.framework; sourceTree = SDKROOT; };
		288765A40DF7441C002DB57D /* CoreGraphics.framework */ = {isa = PBXFileReference; lastKnownFileType = wrapper.framework; name = CoreGraphics.framework; path = System/Library/Frameworks/CoreGraphics.framework; sourceTree = SDKROOT; };
		2899E5210DE3E06400AC0155 /* PracticeTwitterViewController.xib */ = {isa = PBXFileReference; lastKnownFileType = file.xib; path = PracticeTwitterViewController.xib; sourceTree = "<group>"; };
		28AD733E0D9D9553002E5188 /* MainWindow.xib */ = {isa = PBXFileReference; lastKnownFileType = file.xib; path = MainWindow.xib; sourceTree = "<group>"; };
		28D7ACF60DDB3853001CB0EB /* PracticeTwitterViewController.h */ = {isa = PBXFileReference; fileEncoding = 4; lastKnownFileType = sourcecode.c.h; path = PracticeTwitterViewController.h; sourceTree = "<group>"; };
		28D7ACF70DDB3853001CB0EB /* PracticeTwitterViewController.m */ = {isa = PBXFileReference; fileEncoding = 4; lastKnownFileType = sourcecode.c.objc; path = PracticeTwitterViewController.m; sourceTree = "<group>"; };
		29B97316FDCFA39411CA2CEA /* main.m */ = {isa = PBXFileReference; fileEncoding = 4; lastKnownFileType = sourcecode.c.objc; path = main.m; sourceTree = "<group>"; };
		2A207EDD132DD9DE0080E859 /* LogicDB.h */ = {isa = PBXFileReference; fileEncoding = 4; lastKnownFileType = sourcecode.c.h; path = LogicDB.h; sourceTree = "<group>"; };
		2A207EDE132DD9DE0080E859 /* LogicDB.m */ = {isa = PBXFileReference; fileEncoding = 4; lastKnownFileType = sourcecode.c.objc; path = LogicDB.m; sourceTree = "<group>"; };
		2A207EE0132DDA530080E859 /* libsqlite3.dylib */ = {isa = PBXFileReference; lastKnownFileType = "compiled.mach-o.dylib"; name = libsqlite3.dylib; path = usr/lib/libsqlite3.dylib; sourceTree = SDKROOT; };
		2A208144132E0FEF0080E859 /* DBException.h */ = {isa = PBXFileReference; fileEncoding = 4; lastKnownFileType = sourcecode.c.h; path = DBException.h; sourceTree = "<group>"; };
		2A208145132E0FEF0080E859 /* DBException.m */ = {isa = PBXFileReference; fileEncoding = 4; lastKnownFileType = sourcecode.c.objc; path = DBException.m; sourceTree = "<group>"; };
		32CA4F630368D1EE00C91783 /* PracticeTwitter_Prefix.pch */ = {isa = PBXFileReference; fileEncoding = 4; lastKnownFileType = sourcecode.c.h; path = PracticeTwitter_Prefix.pch; sourceTree = "<group>"; };
		492B9470132F0398006DD7C5 /* FMDatabase.h */ = {isa = PBXFileReference; fileEncoding = 4; lastKnownFileType = sourcecode.c.h; path = FMDatabase.h; sourceTree = "<group>"; };
		492B9471132F0398006DD7C5 /* FMDatabase.m */ = {isa = PBXFileReference; fileEncoding = 4; lastKnownFileType = sourcecode.c.objc; path = FMDatabase.m; sourceTree = "<group>"; };
		492B9472132F0398006DD7C5 /* FMDatabaseAdditions.h */ = {isa = PBXFileReference; fileEncoding = 4; lastKnownFileType = sourcecode.c.h; path = FMDatabaseAdditions.h; sourceTree = "<group>"; };
		492B9473132F0398006DD7C5 /* FMDatabaseAdditions.m */ = {isa = PBXFileReference; fileEncoding = 4; lastKnownFileType = sourcecode.c.objc; path = FMDatabaseAdditions.m; sourceTree = "<group>"; };
		492B9474132F0398006DD7C5 /* FMResultSet.h */ = {isa = PBXFileReference; fileEncoding = 4; lastKnownFileType = sourcecode.c.h; path = FMResultSet.h; sourceTree = "<group>"; };
		492B9475132F0398006DD7C5 /* FMResultSet.m */ = {isa = PBXFileReference; fileEncoding = 4; lastKnownFileType = sourcecode.c.objc; path = FMResultSet.m; sourceTree = "<group>"; };
		492B947A132F03DD006DD7C5 /* SqliteDB.h */ = {isa = PBXFileReference; fileEncoding = 4; lastKnownFileType = sourcecode.c.h; path = SqliteDB.h; sourceTree = "<group>"; };
		492B947B132F03DD006DD7C5 /* SqliteDB.m */ = {isa = PBXFileReference; fileEncoding = 4; lastKnownFileType = sourcecode.c.objc; path = SqliteDB.m; sourceTree = "<group>"; };
		492B947D132F047B006DD7C5 /* AccountModel.h */ = {isa = PBXFileReference; fileEncoding = 4; lastKnownFileType = sourcecode.c.h; path = AccountModel.h; sourceTree = "<group>"; };
		492B947E132F047B006DD7C5 /* AccountModel.m */ = {isa = PBXFileReference; fileEncoding = 4; lastKnownFileType = sourcecode.c.objc; path = AccountModel.m; sourceTree = "<group>"; };
		492B9546132F268F006DD7C5 /* sqlite3.db */ = {isa = PBXFileReference; lastKnownFileType = file; path = sqlite3.db; sourceTree = "<group>"; };
		8D1107310486CEB800E47090 /* PracticeTwitter-Info.plist */ = {isa = PBXFileReference; fileEncoding = 4; lastKnownFileType = text.plist.xml; path = "PracticeTwitter-Info.plist"; plistStructureDefinitionIdentifier = "com.apple.xcode.plist.structure-definition.iphone.info-plist"; sourceTree = "<group>"; };
/* End PBXFileReference section */

/* Begin PBXFrameworksBuildPhase section */
		1D60588F0D05DD3D006BFB54 /* Frameworks */ = {
			isa = PBXFrameworksBuildPhase;
			buildActionMask = 2147483647;
			files = (
				1D60589F0D05DD5A006BFB54 /* Foundation.framework in Frameworks */,
				1DF5F4E00D08C38300B7A737 /* UIKit.framework in Frameworks */,
				288765A50DF7441C002DB57D /* CoreGraphics.framework in Frameworks */,
				2A207EE1132DDA530080E859 /* libsqlite3.dylib in Frameworks */,
			);
			runOnlyForDeploymentPostprocessing = 0;
		};
/* End PBXFrameworksBuildPhase section */

/* Begin PBXGroup section */
		080E96DDFE201D6D7F000001 /* Classes */ = {
			isa = PBXGroup;
			children = (
				1D3623240D0F684500981E51 /* PracticeTwitterAppDelegate.h */,
				1D3623250D0F684500981E51 /* PracticeTwitterAppDelegate.m */,
				28D7ACF60DDB3853001CB0EB /* PracticeTwitterViewController.h */,
				28D7ACF70DDB3853001CB0EB /* PracticeTwitterViewController.m */,
				2A208144132E0FEF0080E859 /* DBException.h */,
				2A208145132E0FEF0080E859 /* DBException.m */,
				2A207EDD132DD9DE0080E859 /* LogicDB.h */,
				2A207EDE132DD9DE0080E859 /* LogicDB.m */,
				492B947A132F03DD006DD7C5 /* SqliteDB.h */,
				492B947B132F03DD006DD7C5 /* SqliteDB.m */,
				492B947D132F047B006DD7C5 /* AccountModel.h */,
				492B947E132F047B006DD7C5 /* AccountModel.m */,
			);
			path = Classes;
			sourceTree = "<group>";
		};
		19C28FACFE9D520D11CA2CBB /* Products */ = {
			isa = PBXGroup;
			children = (
				1D6058910D05DD3D006BFB54 /* PracticeTwitter.app */,
			);
			name = Products;
			sourceTree = "<group>";
		};
		29B97314FDCFA39411CA2CEA /* CustomTemplate */ = {
			isa = PBXGroup;
			children = (
				492B946F132F0357006DD7C5 /* Libs */,
				080E96DDFE201D6D7F000001 /* Classes */,
				29B97315FDCFA39411CA2CEA /* Other Sources */,
				29B97317FDCFA39411CA2CEA /* Resources */,
				29B97323FDCFA39411CA2CEA /* Frameworks */,
				19C28FACFE9D520D11CA2CBB /* Products */,
			);
			name = CustomTemplate;
			sourceTree = "<group>";
		};
		29B97315FDCFA39411CA2CEA /* Other Sources */ = {
			isa = PBXGroup;
			children = (
				32CA4F630368D1EE00C91783 /* PracticeTwitter_Prefix.pch */,
				29B97316FDCFA39411CA2CEA /* main.m */,
			);
			name = "Other Sources";
			sourceTree = "<group>";
		};
		29B97317FDCFA39411CA2CEA /* Resources */ = {
			isa = PBXGroup;
			children = (
				492B9546132F268F006DD7C5 /* sqlite3.db */,
				2899E5210DE3E06400AC0155 /* PracticeTwitterViewController.xib */,
				28AD733E0D9D9553002E5188 /* MainWindow.xib */,
				8D1107310486CEB800E47090 /* PracticeTwitter-Info.plist */,
			);
			name = Resources;
			sourceTree = "<group>";
		};
		29B97323FDCFA39411CA2CEA /* Frameworks */ = {
			isa = PBXGroup;
			children = (
				1DF5F4DF0D08C38300B7A737 /* UIKit.framework */,
				1D30AB110D05D00D00671497 /* Foundation.framework */,
				288765A40DF7441C002DB57D /* CoreGraphics.framework */,
				2A207EE0132DDA530080E859 /* libsqlite3.dylib */,
			);
			name = Frameworks;
			sourceTree = "<group>";
		};
		492B946F132F0357006DD7C5 /* Libs */ = {
			isa = PBXGroup;
			children = (
				492B9470132F0398006DD7C5 /* FMDatabase.h */,
				492B9471132F0398006DD7C5 /* FMDatabase.m */,
				492B9472132F0398006DD7C5 /* FMDatabaseAdditions.h */,
				492B9473132F0398006DD7C5 /* FMDatabaseAdditions.m */,
				492B9474132F0398006DD7C5 /* FMResultSet.h */,
				492B9475132F0398006DD7C5 /* FMResultSet.m */,
			);
			name = Libs;
			sourceTree = "<group>";
		};
/* End PBXGroup section */

/* Begin PBXNativeTarget section */
		1D6058900D05DD3D006BFB54 /* PracticeTwitter */ = {
			isa = PBXNativeTarget;
			buildConfigurationList = 1D6058960D05DD3E006BFB54 /* Build configuration list for PBXNativeTarget "PracticeTwitter" */;
			buildPhases = (
				1D60588D0D05DD3D006BFB54 /* Resources */,
				1D60588E0D05DD3D006BFB54 /* Sources */,
				1D60588F0D05DD3D006BFB54 /* Frameworks */,
			);
			buildRules = (
			);
			dependencies = (
			);
			name = PracticeTwitter;
			productName = PracticeTwitter;
			productReference = 1D6058910D05DD3D006BFB54 /* PracticeTwitter.app */;
			productType = "com.apple.product-type.application";
		};
/* End PBXNativeTarget section */

/* Begin PBXProject section */
		29B97313FDCFA39411CA2CEA /* Project object */ = {
			isa = PBXProject;
			buildConfigurationList = C01FCF4E08A954540054247B /* Build configuration list for PBXProject "PracticeTwitter" */;
			compatibilityVersion = "Xcode 3.1";
			developmentRegion = English;
			hasScannedForEncodings = 1;
			knownRegions = (
				English,
				Japanese,
				French,
				German,
			);
			mainGroup = 29B97314FDCFA39411CA2CEA /* CustomTemplate */;
			projectDirPath = "";
			projectRoot = "";
			targets = (
				1D6058900D05DD3D006BFB54 /* PracticeTwitter */,
			);
		};
/* End PBXProject section */

/* Begin PBXResourcesBuildPhase section */
		1D60588D0D05DD3D006BFB54 /* Resources */ = {
			isa = PBXResourcesBuildPhase;
			buildActionMask = 2147483647;
			files = (
				28AD733F0D9D9553002E5188 /* MainWindow.xib in Resources */,
				2899E5220DE3E06400AC0155 /* PracticeTwitterViewController.xib in Resources */,
				492B9547132F268F006DD7C5 /* sqlite3.db in Resources */,
			);
			runOnlyForDeploymentPostprocessing = 0;
		};
/* End PBXResourcesBuildPhase section */

/* Begin PBXSourcesBuildPhase section */
		1D60588E0D05DD3D006BFB54 /* Sources */ = {
			isa = PBXSourcesBuildPhase;
			buildActionMask = 2147483647;
			files = (
				1D60589B0D05DD56006BFB54 /* main.m in Sources */,
				1D3623260D0F684500981E51 /* PracticeTwitterAppDelegate.m in Sources */,
				28D7ACF80DDB3853001CB0EB /* PracticeTwitterViewController.m in Sources */,
				2A207EDF132DD9DE0080E859 /* LogicDB.m in Sources */,
				2A208146132E0FEF0080E859 /* DBException.m in Sources */,
				492B9476132F0398006DD7C5 /* FMDatabase.m in Sources */,
				492B9477132F0398006DD7C5 /* FMDatabaseAdditions.m in Sources */,
				492B9478132F0398006DD7C5 /* FMResultSet.m in Sources */,
				492B947C132F03DD006DD7C5 /* SqliteDB.m in Sources */,
				492B947F132F047B006DD7C5 /* AccountModel.m in Sources */,
			);
			runOnlyForDeploymentPostprocessing = 0;
		};
/* End PBXSourcesBuildPhase section */

/* Begin XCBuildConfiguration section */
		1D6058940D05DD3E006BFB54 /* Debug */ = {
			isa = XCBuildConfiguration;
			buildSettings = {
				ALWAYS_SEARCH_USER_PATHS = NO;
				COPY_PHASE_STRIP = NO;
				GCC_DYNAMIC_NO_PIC = NO;
				GCC_OPTIMIZATION_LEVEL = 0;
				GCC_PRECOMPILE_PREFIX_HEADER = YES;
				GCC_PREFIX_HEADER = PracticeTwitter_Prefix.pch;
				INFOPLIST_FILE = "PracticeTwitter-Info.plist";
				PRODUCT_NAME = PracticeTwitter;
			};
			name = Debug;
		};
		1D6058950D05DD3E006BFB54 /* Release */ = {
			isa = XCBuildConfiguration;
			buildSettings = {
				ALWAYS_SEARCH_USER_PATHS = NO;
				COPY_PHASE_STRIP = YES;
				GCC_PRECOMPILE_PREFIX_HEADER = YES;
				GCC_PREFIX_HEADER = PracticeTwitter_Prefix.pch;
				INFOPLIST_FILE = "PracticeTwitter-Info.plist";
				PRODUCT_NAME = PracticeTwitter;
				VALIDATE_PRODUCT = YES;
			};
			name = Release;
		};
		C01FCF4F08A954540054247B /* Debug */ = {
			isa = XCBuildConfiguration;
			buildSettings = {
				ARCHS = "$(ARCHS_STANDARD_32_BIT)";
				"CODE_SIGN_IDENTITY[sdk=iphoneos*]" = "iPhone Developer";
				GCC_C_LANGUAGE_STANDARD = c99;
				GCC_PREPROCESSOR_DEFINITIONS = "DEBUG=1";
				GCC_WARN_ABOUT_RETURN_TYPE = YES;
				GCC_WARN_UNUSED_VARIABLE = YES;
				PREBINDING = NO;
				SDKROOT = iphoneos;
			};
			name = Debug;
		};
		C01FCF5008A954540054247B /* Release */ = {
			isa = XCBuildConfiguration;
			buildSettings = {
				ARCHS = "$(ARCHS_STANDARD_32_BIT)";
				"CODE_SIGN_IDENTITY[sdk=iphoneos*]" = "iPhone Developer";
				GCC_C_LANGUAGE_STANDARD = c99;
				GCC_WARN_ABOUT_RETURN_TYPE = YES;
				GCC_WARN_UNUSED_VARIABLE = YES;
				OTHER_CFLAGS = "-DNS_BLOCK_ASSERTIONS=1";
				PREBINDING = NO;
				SDKROOT = iphoneos;
			};
			name = Release;
		};
/* End XCBuildConfiguration section */

/* Begin XCConfigurationList section */
		1D6058960D05DD3E006BFB54 /* Build configuration list for PBXNativeTarget "PracticeTwitter" */ = {
			isa = XCConfigurationList;
			buildConfigurations = (
				1D6058940D05DD3E006BFB54 /* Debug */,
				1D6058950D05DD3E006BFB54 /* Release */,
			);
			defaultConfigurationIsVisible = 0;
			defaultConfigurationName = Release;
		};
		C01FCF4E08A954540054247B /* Build configuration list for PBXProject "PracticeTwitter" */ = {
			isa = XCConfigurationList;
			buildConfigurations = (
				C01FCF4F08A954540054247B /* Debug */,
				C01FCF5008A954540054247B /* Release */,
			);
			defaultConfigurationIsVisible = 0;
			defaultConfigurationName = Release;
		};
/* End XCConfigurationList section */
	};
	rootObject = 29B97313FDCFA39411CA2CEA /* Project object */;
}
